
Microsoft Visual Studio Solution File, Format Version 12.00
# Visual Studio Version 17
VisualStudioVersion = 17.7.34031.279
MinimumVisualStudioVersion = 10.0.40219.1
Project("{FAE04EC0-301F-11D3-BF4B-00C04F79EFBC}") = "GA_MethodOverloading_StephanieLopez", "GA_MethodOverloading_StephanieLopez.csproj", "{82ABC32E-23B0-4A69-A1AB-98F3FAD0CA06}"
EndProject
Global
	GlobalSection(SolutionConfigurationPlatforms) = preSolution
		Debug|Any CPU = Debug|Any CPU
		Release|Any CPU = Release|Any CPU
	EndGlobalSection
	GlobalSection(ProjectConfigurationPlatforms) = postSolution
		{82ABC32E-23B0-4A69-A1AB-98F3FAD0CA06}.Debug|Any CPU.ActiveCfg = Debug|Any CPU
		{82ABC32E-23B0-4A69-A1AB-98F3FAD0CA06}.Debug|Any CPU.Build.0 = Debug|Any CPU
		{82ABC32E-23B0-4A69-A1AB-98F3FAD0CA06}.Release|Any CPU.ActiveCfg = Release|Any CPU
		{82ABC32E-23B0-4A69-A1AB-98F3FAD0CA06}.Release|Any CPU.Build.0 = Release|Any CPU
	EndGlobalSection
	GlobalSection(SolutionProperties) = preSolution
		HideSolutionNode = FALSE
	EndGlobalSection
	GlobalSection(ExtensibilityGlobals) = postSolution
		SolutionGuid = {B2DEDBE3-4366-47C1-BCA2-45A9961859C4}
	EndGlobalSection
EndGlobal
